
Microsoft Visual Studio Solution File, Format Version 12.00
# Visual Studio Version 17
VisualStudioVersion = 17.5.002.0
MinimumVisualStudioVersion = 10.0.40219.1
Project("{9A19103F-16F7-4668-BE54-9A1E7A4F7556}") = "az-keycloak", "src\az-keycloak\az-keycloak.csproj", "{67798AFC-4C11-4B0F-A351-BF8BCF480808}"
EndProject
Global
	GlobalSection(SolutionConfigurationPlatforms) = preSolution
		Debug|Any CPU = Debug|Any CPU
		Release|Any CPU = Release|Any CPU
	EndGlobalSection
	GlobalSection(ProjectConfigurationPlatforms) = postSolution
		{67798AFC-4C11-4B0F-A351-BF8BCF480808}.Debug|Any CPU.ActiveCfg = Debug|Any CPU
		{67798AFC-4C11-4B0F-A351-BF8BCF480808}.Debug|Any CPU.Build.0 = Debug|Any CPU
		{67798AFC-4C11-4B0F-A351-BF8BCF480808}.Release|Any CPU.ActiveCfg = Release|Any CPU
		{67798AFC-4C11-4B0F-A351-BF8BCF480808}.Release|Any CPU.Build.0 = Release|Any CPU
	EndGlobalSection
	GlobalSection(SolutionProperties) = preSolution
		HideSolutionNode = FALSE
	EndGlobalSection
	GlobalSection(ExtensibilityGlobals) = postSolution
		SolutionGuid = {CEFA0950-77D8-4FB7-873C-CE5D0239E695}
	EndGlobalSection
EndGlobal
